
Microsoft Visual Studio Solution File, Format Version 12.00
# Visual Studio Version 17
VisualStudioVersion = 17.3.32929.385
MinimumVisualStudioVersion = 10.0.40219.1
Project("{FAE04EC0-301F-11D3-BF4B-00C04F79EFBC}") = "Sopa_De_Letras", "Sopa_De_Letras\Sopa_De_Letras.csproj", "{4CA0516B-20A2-496B-8BA9-B41BE0C9C0CA}"
EndProject
Global
	GlobalSection(SolutionConfigurationPlatforms) = preSolution
		Debug|Any CPU = Debug|Any CPU
		Release|Any CPU = Release|Any CPU
	EndGlobalSection
	GlobalSection(ProjectConfigurationPlatforms) = postSolution
		{4CA0516B-20A2-496B-8BA9-B41BE0C9C0CA}.Debug|Any CPU.ActiveCfg = Debug|Any CPU
		{4CA0516B-20A2-496B-8BA9-B41BE0C9C0CA}.Debug|Any CPU.Build.0 = Debug|Any CPU
		{4CA0516B-20A2-496B-8BA9-B41BE0C9C0CA}.Release|Any CPU.ActiveCfg = Release|Any CPU
		{4CA0516B-20A2-496B-8BA9-B41BE0C9C0CA}.Release|Any CPU.Build.0 = Release|Any CPU
	EndGlobalSection
	GlobalSection(SolutionProperties) = preSolution
		HideSolutionNode = FALSE
	EndGlobalSection
	GlobalSection(ExtensibilityGlobals) = postSolution
		SolutionGuid = {6F43E087-1D60-4C35-A1E0-9974749DB89C}
	EndGlobalSection
EndGlobal
